
Microsoft Visual Studio Solution File, Format Version 12.00
# Visual Studio Version 17
VisualStudioVersion = 17.8.34330.188
MinimumVisualStudioVersion = 10.0.40219.1
Project("{9A19103F-16F7-4668-BE54-9A1E7A4F7556}") = "VisualCfg", "VisualCfg.csproj", "{D8CD6CE6-2C33-491A-BB8E-6661A3AA7C8A}"
EndProject
Global
	GlobalSection(SolutionConfigurationPlatforms) = preSolution
		Debug|Any CPU = Debug|Any CPU
		Release|Any CPU = Release|Any CPU
	EndGlobalSection
	GlobalSection(ProjectConfigurationPlatforms) = postSolution
		{D8CD6CE6-2C33-491A-BB8E-6661A3AA7C8A}.Debug|Any CPU.ActiveCfg = Debug|Any CPU
		{D8CD6CE6-2C33-491A-BB8E-6661A3AA7C8A}.Debug|Any CPU.Build.0 = Debug|Any CPU
		{D8CD6CE6-2C33-491A-BB8E-6661A3AA7C8A}.Release|Any CPU.ActiveCfg = Release|Any CPU
		{D8CD6CE6-2C33-491A-BB8E-6661A3AA7C8A}.Release|Any CPU.Build.0 = Release|Any CPU
	EndGlobalSection
	GlobalSection(SolutionProperties) = preSolution
		HideSolutionNode = FALSE
	EndGlobalSection
	GlobalSection(ExtensibilityGlobals) = postSolution
		SolutionGuid = {FA9BCC09-5014-4E2A-982F-625B90E22C5B}
	EndGlobalSection
EndGlobal
